
Microsoft Visual Studio Solution File, Format Version 12.00
# Visual Studio Version 17
VisualStudioVersion = 17.1.32210.238
MinimumVisualStudioVersion = 10.0.40219.1
Project("{E24C65DC-7377-472B-9ABA-BC803B73C61A}") = "Midway", "Midway\", "{A7D918C6-31CD-4D70-BAF8-D395327F4666}"
	ProjectSection(WebsiteProperties) = preProject
		TargetFrameworkMoniker = ".NETFramework,Version%3Dv4.8"
		Debug.AspNetCompiler.VirtualPath = "/localhost_63138"
		Debug.AspNetCompiler.PhysicalPath = "Midway\"
		Debug.AspNetCompiler.TargetPath = "PrecompiledWeb\localhost_63138\"
		Debug.AspNetCompiler.Updateable = "true"
		Debug.AspNetCompiler.ForceOverwrite = "true"
		Debug.AspNetCompiler.FixedNames = "false"
		Debug.AspNetCompiler.Debug = "True"
		Release.AspNetCompiler.VirtualPath = "/localhost_63138"
		Release.AspNetCompiler.PhysicalPath = "Midway\"
		Release.AspNetCompiler.TargetPath = "PrecompiledWeb\localhost_63138\"
		Release.AspNetCompiler.Updateable = "true"
		Release.AspNetCompiler.ForceOverwrite = "true"
		Release.AspNetCompiler.FixedNames = "false"
		Release.AspNetCompiler.Debug = "False"
		VWDPort = "63138"
		SlnRelativePath = "Midway\"
	EndProjectSection
EndProject
Global
	GlobalSection(SolutionConfigurationPlatforms) = preSolution
		Debug|Any CPU = Debug|Any CPU
	EndGlobalSection
	GlobalSection(ProjectConfigurationPlatforms) = postSolution
		{A7D918C6-31CD-4D70-BAF8-D395327F4666}.Debug|Any CPU.ActiveCfg = Debug|Any CPU
		{A7D918C6-31CD-4D70-BAF8-D395327F4666}.Debug|Any CPU.Build.0 = Debug|Any CPU
	EndGlobalSection
	GlobalSection(SolutionProperties) = preSolution
		HideSolutionNode = FALSE
	EndGlobalSection
	GlobalSection(ExtensibilityGlobals) = postSolution
		SolutionGuid = {D51D6780-9B29-4C89-8750-55025556CB1D}
	EndGlobalSection
EndGlobal
